
Microsoft Visual Studio Solution File, Format Version 12.00
# Visual Studio 15
VisualStudioVersion = 15.0.27703.2026
MinimumVisualStudioVersion = 10.0.40219.1
Project("{FAE04EC0-301F-11D3-BF4B-00C04F79EFBC}") = "LinqInternalCourse", "LinqInternalCourse\LinqInternalCourse.csproj", "{B1ADFA85-7760-4955-B84D-DF7813FB71AB}"
EndProject
Global
	GlobalSection(SolutionConfigurationPlatforms) = preSolution
		Debug|Any CPU = Debug|Any CPU
		Release|Any CPU = Release|Any CPU
	EndGlobalSection
	GlobalSection(ProjectConfigurationPlatforms) = postSolution
		{B1ADFA85-7760-4955-B84D-DF7813FB71AB}.Debug|Any CPU.ActiveCfg = Debug|Any CPU
		{B1ADFA85-7760-4955-B84D-DF7813FB71AB}.Debug|Any CPU.Build.0 = Debug|Any CPU
		{B1ADFA85-7760-4955-B84D-DF7813FB71AB}.Release|Any CPU.ActiveCfg = Release|Any CPU
		{B1ADFA85-7760-4955-B84D-DF7813FB71AB}.Release|Any CPU.Build.0 = Release|Any CPU
	EndGlobalSection
	GlobalSection(SolutionProperties) = preSolution
		HideSolutionNode = FALSE
	EndGlobalSection
	GlobalSection(ExtensibilityGlobals) = postSolution
		SolutionGuid = {64A625CC-8633-43E7-8DFB-097EA0695432}
	EndGlobalSection
EndGlobal
